
Microsoft Visual Studio Solution File, Format Version 12.00
# Visual Studio Version 17
VisualStudioVersion = 17.3.32929.385
MinimumVisualStudioVersion = 10.0.40219.1
Project("{888888A0-9F3D-457C-B088-3A5042F75D52}") = "news_comment_crawler", "news_comment_crawler\news_comment_crawler.pyproj", "{75E289B3-426D-49D6-AA31-27A60816D07A}"
EndProject
Global
	GlobalSection(SolutionConfigurationPlatforms) = preSolution
		Debug|Any CPU = Debug|Any CPU
		Release|Any CPU = Release|Any CPU
	EndGlobalSection
	GlobalSection(ProjectConfigurationPlatforms) = postSolution
		{75E289B3-426D-49D6-AA31-27A60816D07A}.Debug|Any CPU.ActiveCfg = Debug|Any CPU
		{75E289B3-426D-49D6-AA31-27A60816D07A}.Release|Any CPU.ActiveCfg = Release|Any CPU
	EndGlobalSection
	GlobalSection(SolutionProperties) = preSolution
		HideSolutionNode = FALSE
	EndGlobalSection
	GlobalSection(ExtensibilityGlobals) = postSolution
		SolutionGuid = {479E7C27-41DA-49FB-8D11-366D665921BE}
	EndGlobalSection
EndGlobal
